<?xml version="1.0" encoding="utf-8"?>
<Project ToolsVersion="4.0" xmlns="http://schemas.microsoft.com/developer/msbuild/2003">
  <ItemGroup>
    <Filter Include="Source Files">
      <UniqueIdentifier>{4FC737F1-C7A5-4376-A066-2A32D752A2FF}</UniqueIdentifier>
      <Extensions>cpp;c;cc;cxx;c++;cppm;ixx;def;odl;idl;hpj;bat;asm;asmx</Extensions>
    </Filter>
    <Filter Include="Header Files">
      <UniqueIdentifier>{93995380-89BD-4b04-88EB-625FBE52EBFB}</UniqueIdentifier>
      <Extensions>h;hh;hpp;hxx;h++;hm;inl;inc;ipp;xsd</Extensions>
    </Filter>
    <Filter Include="Resource Files">
      <UniqueIdentifier>{67DA6AB6-F800-4c08-8B7A-83BB121AAD01}</UniqueIdentifier>
      <Extensions>rc;ico;cur;bmp;dlg;rc2;rct;bin;rgs;gif;jpg;jpeg;jpe;resx;tiff;tif;png;wav;mfcribbon-ms</Extensions>
    </Filter>
    <Filter Include="Source Files\Figures">
      <UniqueIdentifier>{da83f607-f0e0-4f19-ab48-52bf8417d506}</UniqueIdentifier>
    </Filter>
    <Filter Include="Source Files\GUI">
      <UniqueIdentifier>{a6e7b170-c6ab-400e-974f-5b76ae1a1f8e}</UniqueIdentifier>
    </Filter>
    <Filter Include="Source Files\Panels">
      <UniqueIdentifier>{a81e1c82-ab0b-4a08-9ed5-2bc68a17292d}</UniqueIdentifier>
    </Filter>
    <Filter Include="Source Files\Utils">
      <UniqueIdentifier>{b0cfc08b-afd3-4fa2-822a-3e0970edba61}</UniqueIdentifier>
    </Filter>
    <Filter Include="Header Files\Figures">
      <UniqueIdentifier>{9d664350-78c6-4f73-9d69-fe593300538b}</UniqueIdentifier>
    </Filter>
    <Filter Include="Header Files\GUI">
      <UniqueIdentifier>{4fd91fee-df28-46b1-b8f8-5da6fc990b3b}</UniqueIdentifier>
    </Filter>
    <Filter Include="Header Files\Panels">
      <UniqueIdentifier>{1b28bb06-9a4d-403e-9789-7013470efa30}</UniqueIdentifier>
    </Filter>
    <Filter Include="Header Files\Utils">
      <UniqueIdentifier>{aa3ab98e-062f-40a4-8178-2ee6334ad3d4}</UniqueIdentifier>
    </Filter>
  </ItemGroup>
  <ItemGroup>
    <ClCompile Include="MainFrame.cpp">
      <Filter>Source Files</Filter>
    </ClCompile>
    <ClCompile Include="Figures\src\Circle.cpp">
      <Filter>Source Files\Figures</Filter>
    </ClCompile>
    <ClCompile Include="Figures\src\Curve.cpp">
      <Filter>Source Files\Figures</Filter>
    </ClCompile>
    <ClCompile Include="Figures\src\Line.cpp">
      <Filter>Source Files\Figures</Filter>
    </ClCompile>
    <ClCompile Include="Figures\src\Polygon.cpp">
      <Filter>Source Files\Figures</Filter>
    </ClCompile>
    <ClCompile Include="Figures\src\Shape.cpp">
      <Filter>Source Files\Figures</Filter>
    </ClCompile>
    <ClCompile Include="Utils\src\SVGDataLoaderAdapter.cpp">
      <Filter>Source Files\Utils</Filter>
    </ClCompile>
    <ClCompile Include="Utils\src\XMLDataLoaderAdapter.cpp">
      <Filter>Source Files\Utils</Filter>
    </ClCompile>
  </ItemGroup>
  <ItemGroup>
    <None Include="packages.config" />
  </ItemGroup>
  <ItemGroup>
    <ClInclude Include="Figures\include\Circle.hpp">
      <Filter>Header Files\Figures</Filter>
    </ClInclude>
    <ClInclude Include="Figures\include\Curve.hpp">
      <Filter>Header Files\Figures</Filter>
    </ClInclude>
    <ClInclude Include="Figures\include\Line.hpp">
      <Filter>Header Files\Figures</Filter>
    </ClInclude>
    <ClInclude Include="Figures\include\Point.hpp">
      <Filter>Header Files\Figures</Filter>
    </ClInclude>
    <ClInclude Include="Figures\include\Polygon.hpp">
      <Filter>Header Files\Figures</Filter>
    </ClInclude>
    <ClInclude Include="Figures\include\Shape.hpp">
      <Filter>Header Files\Figures</Filter>
    </ClInclude>
    <ClInclude Include="GUI\include\GUI.h">
      <Filter>Header Files\GUI</Filter>
    </ClInclude>
    <ClInclude Include="Utils\include\FileSaver.hpp">
      <Filter>Header Files\Utils</Filter>
    </ClInclude>
    <ClInclude Include="Utils\include\SVGDataLoaderAdapter.hpp">
      <Filter>Header Files\Utils</Filter>
    </ClInclude>
    <ClInclude Include="Utils\include\XMLDataLoaderAdapter.hpp">
      <Filter>Header Files\Utils</Filter>
    </ClInclude>
    <ClInclude Include="Utils\include\DataLoader.hpp">
      <Filter>Header Files\Utils</Filter>
    </ClInclude>
    <ClInclude Include="Figures\include\ShapeBuilder.hpp">
      <Filter>Header Files\Figures</Filter>
    </ClInclude>
  </ItemGroup>
</Project>